// !$*UTF8*$!
{
	archiveVersion = 1;
	classes = {
	};
	objectVersion = 56;
	objects = {

/* Begin PBXBuildFile section */
		5B021C2A2ABD0E8400928251 /* MusicArtist+CoreDataClass.swift in Sources */ = {isa = PBXBuildFile; fileRef = 5B021C262ABD0E8400928251 /* MusicArtist+CoreDataClass.swift */; };
		5B021C2B2ABD0E8400928251 /* MusicArtist+CoreDataProperties.swift in Sources */ = {isa = PBXBuildFile; fileRef = 5B021C272ABD0E8400928251 /* MusicArtist+CoreDataProperties.swift */; };
		5B021C2C2ABD0E8400928251 /* MusicRecord+CoreDataClass.swift in Sources */ = {isa = PBXBuildFile; fileRef = 5B021C282ABD0E8400928251 /* MusicRecord+CoreDataClass.swift */; };
		5B021C2D2ABD0E8400928251 /* MusicRecord+CoreDataProperties.swift in Sources */ = {isa = PBXBuildFile; fileRef = 5B021C292ABD0E8400928251 /* MusicRecord+CoreDataProperties.swift */; };
		5B021C2F2ABE478B00928251 /* Logger.swift in Sources */ = {isa = PBXBuildFile; fileRef = 5B021C2E2ABE478B00928251 /* Logger.swift */; };
		5B021C312AC246FD00928251 /* MTArtistImportTableView.swift in Sources */ = {isa = PBXBuildFile; fileRef = 5B021C302AC246FD00928251 /* MTArtistImportTableView.swift */; };
		5B28BBAB2A90002700300C8A /* MusicArtistRepo.swift in Sources */ = {isa = PBXBuildFile; fileRef = 5B28BBAA2A90002700300C8A /* MusicArtistRepo.swift */; };
		5B28BBB22A93F74900300C8A /* Constants.swift in Sources */ = {isa = PBXBuildFile; fileRef = 5B28BBB12A93F74900300C8A /* Constants.swift */; };
		5B5B68CF2A6231AE00EA3D9B /* MusicKitManager.swift in Sources */ = {isa = PBXBuildFile; fileRef = 5B5B68CE2A6231AE00EA3D9B /* MusicKitManager.swift */; };
		5B5B68D72A65E6A000EA3D9B /* RecordCVCell.swift in Sources */ = {isa = PBXBuildFile; fileRef = 5B5B68D62A65E6A000EA3D9B /* RecordCVCell.swift */; };
		5B5B68D92A65ECBC00EA3D9B /* ArtistTVCell.swift in Sources */ = {isa = PBXBuildFile; fileRef = 5B5B68D82A65ECBC00EA3D9B /* ArtistTVCell.swift */; };
		5B5B68DB2A673A8800EA3D9B /* NewMusicVC.swift in Sources */ = {isa = PBXBuildFile; fileRef = 5B5B68DA2A673A8800EA3D9B /* NewMusicVC.swift */; };
		5B5B68DD2A673AA500EA3D9B /* SavedArtistsVC.swift in Sources */ = {isa = PBXBuildFile; fileRef = 5B5B68DC2A673AA500EA3D9B /* SavedArtistsVC.swift */; };
		5B5B68DF2A673B3000EA3D9B /* MTTabBarController.swift in Sources */ = {isa = PBXBuildFile; fileRef = 5B5B68DE2A673B3000EA3D9B /* MTTabBarController.swift */; };
		5B5B68E22A686C5F00EA3D9B /* ArtworkImageView.swift in Sources */ = {isa = PBXBuildFile; fileRef = 5B5B68E12A686C5F00EA3D9B /* ArtworkImageView.swift */; };
		5B5B68E42A686C9B00EA3D9B /* NetworkManager.swift in Sources */ = {isa = PBXBuildFile; fileRef = 5B5B68E32A686C9B00EA3D9B /* NetworkManager.swift */; };
		5B5B68E62A687DF300EA3D9B /* LibraryArtistsVC.swift in Sources */ = {isa = PBXBuildFile; fileRef = 5B5B68E52A687DF300EA3D9B /* LibraryArtistsVC.swift */; };
		5B5B68E82A69AE1900EA3D9B /* IntroAuthVC.swift in Sources */ = {isa = PBXBuildFile; fileRef = 5B5B68E72A69AE1900EA3D9B /* IntroAuthVC.swift */; };
		5B5B68EA2A69AEC400EA3D9B /* MTTitleLabel.swift in Sources */ = {isa = PBXBuildFile; fileRef = 5B5B68E92A69AEC400EA3D9B /* MTTitleLabel.swift */; };
		5B5B68EC2A69AF8200EA3D9B /* MTBodyLabel.swift in Sources */ = {isa = PBXBuildFile; fileRef = 5B5B68EB2A69AF8200EA3D9B /* MTBodyLabel.swift */; };
		5B5B68EE2A69B09700EA3D9B /* MTButton.swift in Sources */ = {isa = PBXBuildFile; fileRef = 5B5B68ED2A69B09700EA3D9B /* MTButton.swift */; };
		5B5B68F02A69D3EE00EA3D9B /* AuthManager.swift in Sources */ = {isa = PBXBuildFile; fileRef = 5B5B68EF2A69D3EE00EA3D9B /* AuthManager.swift */; };
		5B5B695C2A78449700EA3D9B /* String+Ext.swift in Sources */ = {isa = PBXBuildFile; fileRef = 5B5B695B2A78449700EA3D9B /* String+Ext.swift */; };
		5B5B695F2A785A3A00EA3D9B /* MusicTrail.xcdatamodeld in Sources */ = {isa = PBXBuildFile; fileRef = 5B5B695D2A785A3A00EA3D9B /* MusicTrail.xcdatamodeld */; };
		5B5B69622A785ABA00EA3D9B /* PersistanceContainer.swift in Sources */ = {isa = PBXBuildFile; fileRef = 5B5B69612A785ABA00EA3D9B /* PersistanceContainer.swift */; };
		5B5B69642A785CB400EA3D9B /* CoreDataRepo.swift in Sources */ = {isa = PBXBuildFile; fileRef = 5B5B69632A785CB400EA3D9B /* CoreDataRepo.swift */; };
		5B920A292A5E17AC00464A8C /* AppDelegate.swift in Sources */ = {isa = PBXBuildFile; fileRef = 5B920A282A5E17AC00464A8C /* AppDelegate.swift */; };
		5B920A2B2A5E17AC00464A8C /* SceneDelegate.swift in Sources */ = {isa = PBXBuildFile; fileRef = 5B920A2A2A5E17AC00464A8C /* SceneDelegate.swift */; };
		5B920A322A5E17AD00464A8C /* Assets.xcassets in Resources */ = {isa = PBXBuildFile; fileRef = 5B920A312A5E17AD00464A8C /* Assets.xcassets */; };
		5B920A352A5E17AD00464A8C /* LaunchScreen.storyboard in Resources */ = {isa = PBXBuildFile; fileRef = 5B920A332A5E17AD00464A8C /* LaunchScreen.storyboard */; };
		5B920A402A5E17AE00464A8C /* MusicTrailTests.swift in Sources */ = {isa = PBXBuildFile; fileRef = 5B920A3F2A5E17AE00464A8C /* MusicTrailTests.swift */; };
		5B920A4A2A5E17AE00464A8C /* MusicTrailUITests.swift in Sources */ = {isa = PBXBuildFile; fileRef = 5B920A492A5E17AE00464A8C /* MusicTrailUITests.swift */; };
		5B920A4C2A5E17AE00464A8C /* MusicTrailUITestsLaunchTests.swift in Sources */ = {isa = PBXBuildFile; fileRef = 5B920A4B2A5E17AE00464A8C /* MusicTrailUITestsLaunchTests.swift */; };
		5BE3E2BA2AA7DF1000C825AB /* ArtistCVCell.swift in Sources */ = {isa = PBXBuildFile; fileRef = 5BE3E2B92AA7DF1000C825AB /* ArtistCVCell.swift */; };
		5BE3E2BC2AA9017800C825AB /* UIHelper.swift in Sources */ = {isa = PBXBuildFile; fileRef = 5BE3E2BB2AA9017800C825AB /* UIHelper.swift */; };
		5BE3E2BE2AAA6FAE00C825AB /* MTDataLoadingVC.swift in Sources */ = {isa = PBXBuildFile; fileRef = 5BE3E2BD2AAA6FAE00C825AB /* MTDataLoadingVC.swift */; };
		5BE3E2C02AAFA44A00C825AB /* AddNewArtistVC.swift in Sources */ = {isa = PBXBuildFile; fileRef = 5BE3E2BF2AAFA44A00C825AB /* AddNewArtistVC.swift */; };
		5BEED3E92AB8DC250099E533 /* MTError.swift in Sources */ = {isa = PBXBuildFile; fileRef = 5BEED3E82AB8DC250099E533 /* MTError.swift */; };
		5BEED3EB2AB902750099E533 /* UIViewController+Ext.swift in Sources */ = {isa = PBXBuildFile; fileRef = 5BEED3EA2AB902750099E533 /* UIViewController+Ext.swift */; };
		5BEED3EF2AB9031B0099E533 /* MTAlertVC.swift in Sources */ = {isa = PBXBuildFile; fileRef = 5BEED3EE2AB9031B0099E533 /* MTAlertVC.swift */; };
		5BEED3F62AB903DF0099E533 /* MTAlertContainerView.swift in Sources */ = {isa = PBXBuildFile; fileRef = 5BEED3F52AB903DF0099E533 /* MTAlertContainerView.swift */; };
		5BEED3F92ABA4D190099E533 /* MTArtist.swift in Sources */ = {isa = PBXBuildFile; fileRef = 5BEED3F82ABA4D190099E533 /* MTArtist.swift */; };
		5BEED3FB2ABA4D580099E533 /* MTRecord.swift in Sources */ = {isa = PBXBuildFile; fileRef = 5BEED3FA2ABA4D580099E533 /* MTRecord.swift */; };
		5BEED3FD2ABB70B40099E533 /* MonthSectionHeaderView.swift in Sources */ = {isa = PBXBuildFile; fileRef = 5BEED3FC2ABB70B40099E533 /* MonthSectionHeaderView.swift */; };
		5BEED3FF2ABB8B670099E533 /* Date+Ext.swift in Sources */ = {isa = PBXBuildFile; fileRef = 5BEED3FE2ABB8B670099E533 /* Date+Ext.swift */; };
		5BEED4012ABB8C630099E533 /* DateUtil.swift in Sources */ = {isa = PBXBuildFile; fileRef = 5BEED4002ABB8C630099E533 /* DateUtil.swift */; };
		5BEED4032ABBABED0099E533 /* MusicDataManager.swift in Sources */ = {isa = PBXBuildFile; fileRef = 5BEED4022ABBABED0099E533 /* MusicDataManager.swift */; };
		5BEED4092ABBE29D0099E533 /* MusicRecordRepo.swift in Sources */ = {isa = PBXBuildFile; fileRef = 5BEED4082ABBE29D0099E533 /* MusicRecordRepo.swift */; };
		5BEED40B2ABCD3B50099E533 /* MTEmptyStateView.swift in Sources */ = {isa = PBXBuildFile; fileRef = 5BEED40A2ABCD3B50099E533 /* MTEmptyStateView.swift */; };
/* End PBXBuildFile section */

/* Begin PBXContainerItemProxy section */
		5B920A3C2A5E17AE00464A8C /* PBXContainerItemProxy */ = {
			isa = PBXContainerItemProxy;
			containerPortal = 5B920A1D2A5E17AC00464A8C /* Project object */;
			proxyType = 1;
			remoteGlobalIDString = 5B920A242A5E17AC00464A8C;
			remoteInfo = MusicTrail;
		};
		5B920A462A5E17AE00464A8C /* PBXContainerItemProxy */ = {
			isa = PBXContainerItemProxy;
			containerPortal = 5B920A1D2A5E17AC00464A8C /* Project object */;
			proxyType = 1;
			remoteGlobalIDString = 5B920A242A5E17AC00464A8C;
			remoteInfo = MusicTrail;
		};
/* End PBXContainerItemProxy section */

/* Begin PBXFileReference section */
		5B021C262ABD0E8400928251 /* MusicArtist+CoreDataClass.swift */ = {isa = PBXFileReference; lastKnownFileType = sourcecode.swift; path = "MusicArtist+CoreDataClass.swift"; sourceTree = "<group>"; };
		5B021C272ABD0E8400928251 /* MusicArtist+CoreDataProperties.swift */ = {isa = PBXFileReference; lastKnownFileType = sourcecode.swift; path = "MusicArtist+CoreDataProperties.swift"; sourceTree = "<group>"; };
		5B021C282ABD0E8400928251 /* MusicRecord+CoreDataClass.swift */ = {isa = PBXFileReference; lastKnownFileType = sourcecode.swift; path = "MusicRecord+CoreDataClass.swift"; sourceTree = "<group>"; };
		5B021C292ABD0E8400928251 /* MusicRecord+CoreDataProperties.swift */ = {isa = PBXFileReference; lastKnownFileType = sourcecode.swift; path = "MusicRecord+CoreDataProperties.swift"; sourceTree = "<group>"; };
		5B021C2E2ABE478B00928251 /* Logger.swift */ = {isa = PBXFileReference; lastKnownFileType = sourcecode.swift; path = Logger.swift; sourceTree = "<group>"; };
		5B021C302AC246FD00928251 /* MTArtistImportTableView.swift */ = {isa = PBXFileReference; lastKnownFileType = sourcecode.swift; path = MTArtistImportTableView.swift; sourceTree = "<group>"; };
		5B28BBAA2A90002700300C8A /* MusicArtistRepo.swift */ = {isa = PBXFileReference; lastKnownFileType = sourcecode.swift; path = MusicArtistRepo.swift; sourceTree = "<group>"; };
		5B28BBB12A93F74900300C8A /* Constants.swift */ = {isa = PBXFileReference; lastKnownFileType = sourcecode.swift; path = Constants.swift; sourceTree = "<group>"; };
		5B5B68CE2A6231AE00EA3D9B /* MusicKitManager.swift */ = {isa = PBXFileReference; lastKnownFileType = sourcecode.swift; path = MusicKitManager.swift; sourceTree = "<group>"; };
		5B5B68D62A65E6A000EA3D9B /* RecordCVCell.swift */ = {isa = PBXFileReference; lastKnownFileType = sourcecode.swift; path = RecordCVCell.swift; sourceTree = "<group>"; };
		5B5B68D82A65ECBC00EA3D9B /* ArtistTVCell.swift */ = {isa = PBXFileReference; lastKnownFileType = sourcecode.swift; path = ArtistTVCell.swift; sourceTree = "<group>"; };
		5B5B68DA2A673A8800EA3D9B /* NewMusicVC.swift */ = {isa = PBXFileReference; lastKnownFileType = sourcecode.swift; path = NewMusicVC.swift; sourceTree = "<group>"; };
		5B5B68DC2A673AA500EA3D9B /* SavedArtistsVC.swift */ = {isa = PBXFileReference; lastKnownFileType = sourcecode.swift; path = SavedArtistsVC.swift; sourceTree = "<group>"; };
		5B5B68DE2A673B3000EA3D9B /* MTTabBarController.swift */ = {isa = PBXFileReference; lastKnownFileType = sourcecode.swift; path = MTTabBarController.swift; sourceTree = "<group>"; };
		5B5B68E12A686C5F00EA3D9B /* ArtworkImageView.swift */ = {isa = PBXFileReference; lastKnownFileType = sourcecode.swift; path = ArtworkImageView.swift; sourceTree = "<group>"; };
		5B5B68E32A686C9B00EA3D9B /* NetworkManager.swift */ = {isa = PBXFileReference; lastKnownFileType = sourcecode.swift; path = NetworkManager.swift; sourceTree = "<group>"; };
		5B5B68E52A687DF300EA3D9B /* LibraryArtistsVC.swift */ = {isa = PBXFileReference; lastKnownFileType = sourcecode.swift; path = LibraryArtistsVC.swift; sourceTree = "<group>"; };
		5B5B68E72A69AE1900EA3D9B /* IntroAuthVC.swift */ = {isa = PBXFileReference; lastKnownFileType = sourcecode.swift; path = IntroAuthVC.swift; sourceTree = "<group>"; };
		5B5B68E92A69AEC400EA3D9B /* MTTitleLabel.swift */ = {isa = PBXFileReference; lastKnownFileType = sourcecode.swift; path = MTTitleLabel.swift; sourceTree = "<group>"; };
		5B5B68EB2A69AF8200EA3D9B /* MTBodyLabel.swift */ = {isa = PBXFileReference; lastKnownFileType = sourcecode.swift; path = MTBodyLabel.swift; sourceTree = "<group>"; };
		5B5B68ED2A69B09700EA3D9B /* MTButton.swift */ = {isa = PBXFileReference; lastKnownFileType = sourcecode.swift; path = MTButton.swift; sourceTree = "<group>"; };
		5B5B68EF2A69D3EE00EA3D9B /* AuthManager.swift */ = {isa = PBXFileReference; lastKnownFileType = sourcecode.swift; path = AuthManager.swift; sourceTree = "<group>"; };
		5B5B695B2A78449700EA3D9B /* String+Ext.swift */ = {isa = PBXFileReference; lastKnownFileType = sourcecode.swift; path = "String+Ext.swift"; sourceTree = "<group>"; };
		5B5B695E2A785A3A00EA3D9B /* MusicTrail.xcdatamodel */ = {isa = PBXFileReference; lastKnownFileType = wrapper.xcdatamodel; path = MusicTrail.xcdatamodel; sourceTree = "<group>"; };
		5B5B69612A785ABA00EA3D9B /* PersistanceContainer.swift */ = {isa = PBXFileReference; lastKnownFileType = sourcecode.swift; path = PersistanceContainer.swift; sourceTree = "<group>"; };
		5B5B69632A785CB400EA3D9B /* CoreDataRepo.swift */ = {isa = PBXFileReference; lastKnownFileType = sourcecode.swift; path = CoreDataRepo.swift; sourceTree = "<group>"; };
		5B920A252A5E17AC00464A8C /* MusicTrail.app */ = {isa = PBXFileReference; explicitFileType = wrapper.application; includeInIndex = 0; path = MusicTrail.app; sourceTree = BUILT_PRODUCTS_DIR; };
		5B920A282A5E17AC00464A8C /* AppDelegate.swift */ = {isa = PBXFileReference; lastKnownFileType = sourcecode.swift; path = AppDelegate.swift; sourceTree = "<group>"; };
		5B920A2A2A5E17AC00464A8C /* SceneDelegate.swift */ = {isa = PBXFileReference; lastKnownFileType = sourcecode.swift; path = SceneDelegate.swift; sourceTree = "<group>"; };
		5B920A312A5E17AD00464A8C /* Assets.xcassets */ = {isa = PBXFileReference; lastKnownFileType = folder.assetcatalog; path = Assets.xcassets; sourceTree = "<group>"; };
		5B920A342A5E17AD00464A8C /* Base */ = {isa = PBXFileReference; lastKnownFileType = file.storyboard; name = Base; path = Base.lproj/LaunchScreen.storyboard; sourceTree = "<group>"; };
		5B920A362A5E17AD00464A8C /* Info.plist */ = {isa = PBXFileReference; lastKnownFileType = text.plist.xml; path = Info.plist; sourceTree = "<group>"; };
		5B920A3B2A5E17AE00464A8C /* MusicTrailTests.xctest */ = {isa = PBXFileReference; explicitFileType = wrapper.cfbundle; includeInIndex = 0; path = MusicTrailTests.xctest; sourceTree = BUILT_PRODUCTS_DIR; };
		5B920A3F2A5E17AE00464A8C /* MusicTrailTests.swift */ = {isa = PBXFileReference; lastKnownFileType = sourcecode.swift; path = MusicTrailTests.swift; sourceTree = "<group>"; };
		5B920A452A5E17AE00464A8C /* MusicTrailUITests.xctest */ = {isa = PBXFileReference; explicitFileType = wrapper.cfbundle; includeInIndex = 0; path = MusicTrailUITests.xctest; sourceTree = BUILT_PRODUCTS_DIR; };
		5B920A492A5E17AE00464A8C /* MusicTrailUITests.swift */ = {isa = PBXFileReference; lastKnownFileType = sourcecode.swift; path = MusicTrailUITests.swift; sourceTree = "<group>"; };
		5B920A4B2A5E17AE00464A8C /* MusicTrailUITestsLaunchTests.swift */ = {isa = PBXFileReference; lastKnownFileType = sourcecode.swift; path = MusicTrailUITestsLaunchTests.swift; sourceTree = "<group>"; };
		5BE3E2B92AA7DF1000C825AB /* ArtistCVCell.swift */ = {isa = PBXFileReference; lastKnownFileType = sourcecode.swift; path = ArtistCVCell.swift; sourceTree = "<group>"; };
		5BE3E2BB2AA9017800C825AB /* UIHelper.swift */ = {isa = PBXFileReference; lastKnownFileType = sourcecode.swift; path = UIHelper.swift; sourceTree = "<group>"; };
		5BE3E2BD2AAA6FAE00C825AB /* MTDataLoadingVC.swift */ = {isa = PBXFileReference; lastKnownFileType = sourcecode.swift; path = MTDataLoadingVC.swift; sourceTree = "<group>"; };
		5BE3E2BF2AAFA44A00C825AB /* AddNewArtistVC.swift */ = {isa = PBXFileReference; lastKnownFileType = sourcecode.swift; path = AddNewArtistVC.swift; sourceTree = "<group>"; };
		5BEED3E82AB8DC250099E533 /* MTError.swift */ = {isa = PBXFileReference; lastKnownFileType = sourcecode.swift; path = MTError.swift; sourceTree = "<group>"; };
		5BEED3EA2AB902750099E533 /* UIViewController+Ext.swift */ = {isa = PBXFileReference; lastKnownFileType = sourcecode.swift; path = "UIViewController+Ext.swift"; sourceTree = "<group>"; };
		5BEED3EE2AB9031B0099E533 /* MTAlertVC.swift */ = {isa = PBXFileReference; lastKnownFileType = sourcecode.swift; path = MTAlertVC.swift; sourceTree = "<group>"; };
		5BEED3F52AB903DF0099E533 /* MTAlertContainerView.swift */ = {isa = PBXFileReference; lastKnownFileType = sourcecode.swift; path = MTAlertContainerView.swift; sourceTree = "<group>"; };
		5BEED3F82ABA4D190099E533 /* MTArtist.swift */ = {isa = PBXFileReference; lastKnownFileType = sourcecode.swift; path = MTArtist.swift; sourceTree = "<group>"; };
		5BEED3FA2ABA4D580099E533 /* MTRecord.swift */ = {isa = PBXFileReference; lastKnownFileType = sourcecode.swift; path = MTRecord.swift; sourceTree = "<group>"; };
		5BEED3FC2ABB70B40099E533 /* MonthSectionHeaderView.swift */ = {isa = PBXFileReference; lastKnownFileType = sourcecode.swift; path = MonthSectionHeaderView.swift; sourceTree = "<group>"; };
		5BEED3FE2ABB8B670099E533 /* Date+Ext.swift */ = {isa = PBXFileReference; lastKnownFileType = sourcecode.swift; path = "Date+Ext.swift"; sourceTree = "<group>"; };
		5BEED4002ABB8C630099E533 /* DateUtil.swift */ = {isa = PBXFileReference; lastKnownFileType = sourcecode.swift; path = DateUtil.swift; sourceTree = "<group>"; };
		5BEED4022ABBABED0099E533 /* MusicDataManager.swift */ = {isa = PBXFileReference; lastKnownFileType = sourcecode.swift; path = MusicDataManager.swift; sourceTree = "<group>"; };
		5BEED4082ABBE29D0099E533 /* MusicRecordRepo.swift */ = {isa = PBXFileReference; lastKnownFileType = sourcecode.swift; path = MusicRecordRepo.swift; sourceTree = "<group>"; };
		5BEED40A2ABCD3B50099E533 /* MTEmptyStateView.swift */ = {isa = PBXFileReference; lastKnownFileType = sourcecode.swift; path = MTEmptyStateView.swift; sourceTree = "<group>"; };
/* End PBXFileReference section */

/* Begin PBXFrameworksBuildPhase section */
		5B920A222A5E17AC00464A8C /* Frameworks */ = {
			isa = PBXFrameworksBuildPhase;
			buildActionMask = 2147483647;
			files = (
			);
			runOnlyForDeploymentPostprocessing = 0;
		};
		5B920A382A5E17AE00464A8C /* Frameworks */ = {
			isa = PBXFrameworksBuildPhase;
			buildActionMask = 2147483647;
			files = (
			);
			runOnlyForDeploymentPostprocessing = 0;
		};
		5B920A422A5E17AE00464A8C /* Frameworks */ = {
			isa = PBXFrameworksBuildPhase;
			buildActionMask = 2147483647;
			files = (
			);
			runOnlyForDeploymentPostprocessing = 0;
		};
/* End PBXFrameworksBuildPhase section */

/* Begin PBXGroup section */
		5B28BBB02A93F73E00300C8A /* Utilities */ = {
			isa = PBXGroup;
			children = (
				5B28BBB12A93F74900300C8A /* Constants.swift */,
				5BE3E2BB2AA9017800C825AB /* UIHelper.swift */,
				5BEED3E82AB8DC250099E533 /* MTError.swift */,
				5BEED4002ABB8C630099E533 /* DateUtil.swift */,
				5B021C2E2ABE478B00928251 /* Logger.swift */,
			);
			path = Utilities;
			sourceTree = "<group>";
		};
		5B5B68D02A65E2FB00EA3D9B /* Models */ = {
			isa = PBXGroup;
			children = (
				5B021C262ABD0E8400928251 /* MusicArtist+CoreDataClass.swift */,
				5B021C272ABD0E8400928251 /* MusicArtist+CoreDataProperties.swift */,
				5B021C282ABD0E8400928251 /* MusicRecord+CoreDataClass.swift */,
				5B021C292ABD0E8400928251 /* MusicRecord+CoreDataProperties.swift */,
				5BEED3F82ABA4D190099E533 /* MTArtist.swift */,
				5BEED3FA2ABA4D580099E533 /* MTRecord.swift */,
			);
			path = Models;
			sourceTree = "<group>";
		};
		5B5B68D12A65E30400EA3D9B /* Views */ = {
			isa = PBXGroup;
			children = (
				5BEED3F42AB903930099E533 /* CustomViews */,
				5BEED3F32AB903820099E533 /* ImageViews */,
				5BEED3F22AB9036A0099E533 /* Buttons */,
				5BEED3F12AB903500099E533 /* Cells */,
				5BEED3F02AB903460099E533 /* Labels */,
				5B021C302AC246FD00928251 /* MTArtistImportTableView.swift */,
			);
			path = Views;
			sourceTree = "<group>";
		};
		5B5B68D32A65E31300EA3D9B /* ViewControllers */ = {
			isa = PBXGroup;
			children = (
				5BEED3F72ABA497E0099E533 /* States */,
				5BEED3ED2AB902DF0099E533 /* TabBars */,
				5BEED3EC2AB902B30099E533 /* Screens */,
			);
			path = ViewControllers;
			sourceTree = "<group>";
		};
		5B5B68D42A65E32B00EA3D9B /* Managers */ = {
			isa = PBXGroup;
			children = (
				5B5B68CE2A6231AE00EA3D9B /* MusicKitManager.swift */,
				5B5B68E32A686C9B00EA3D9B /* NetworkManager.swift */,
				5B5B68EF2A69D3EE00EA3D9B /* AuthManager.swift */,
				5BEED4022ABBABED0099E533 /* MusicDataManager.swift */,
			);
			path = Managers;
			sourceTree = "<group>";
		};
		5B5B68D52A65E34500EA3D9B /* Support */ = {
			isa = PBXGroup;
			children = (
				5B920A282A5E17AC00464A8C /* AppDelegate.swift */,
				5B920A2A2A5E17AC00464A8C /* SceneDelegate.swift */,
				5B920A312A5E17AD00464A8C /* Assets.xcassets */,
				5B920A332A5E17AD00464A8C /* LaunchScreen.storyboard */,
			);
			path = Support;
			sourceTree = "<group>";
		};
		5B5B68E02A68621A00EA3D9B /* Extensions */ = {
			isa = PBXGroup;
			children = (
				5B5B695B2A78449700EA3D9B /* String+Ext.swift */,
				5BEED3EA2AB902750099E533 /* UIViewController+Ext.swift */,
				5BEED3FE2ABB8B670099E533 /* Date+Ext.swift */,
			);
			path = Extensions;
			sourceTree = "<group>";
		};
		5B5B69602A785AA900EA3D9B /* Data */ = {
			isa = PBXGroup;
			children = (
				5B5B69612A785ABA00EA3D9B /* PersistanceContainer.swift */,
				5B5B69632A785CB400EA3D9B /* CoreDataRepo.swift */,
				5B28BBAA2A90002700300C8A /* MusicArtistRepo.swift */,
				5BEED4082ABBE29D0099E533 /* MusicRecordRepo.swift */,
			);
			path = Data;
			sourceTree = "<group>";
		};
		5B920A1C2A5E17AC00464A8C = {
			isa = PBXGroup;
			children = (
				5B920A272A5E17AC00464A8C /* MusicTrail */,
				5B920A3E2A5E17AE00464A8C /* MusicTrailTests */,
				5B920A482A5E17AE00464A8C /* MusicTrailUITests */,
				5B920A262A5E17AC00464A8C /* Products */,
			);
			sourceTree = "<group>";
		};
		5B920A262A5E17AC00464A8C /* Products */ = {
			isa = PBXGroup;
			children = (
				5B920A252A5E17AC00464A8C /* MusicTrail.app */,
				5B920A3B2A5E17AE00464A8C /* MusicTrailTests.xctest */,
				5B920A452A5E17AE00464A8C /* MusicTrailUITests.xctest */,
			);
			name = Products;
			sourceTree = "<group>";
		};
		5B920A272A5E17AC00464A8C /* MusicTrail */ = {
			isa = PBXGroup;
			children = (
				5B5B68D52A65E34500EA3D9B /* Support */,
				5B5B68E02A68621A00EA3D9B /* Extensions */,
				5B28BBB02A93F73E00300C8A /* Utilities */,
				5B5B69602A785AA900EA3D9B /* Data */,
				5B5B68D42A65E32B00EA3D9B /* Managers */,
				5B5B68D32A65E31300EA3D9B /* ViewControllers */,
				5B5B68D12A65E30400EA3D9B /* Views */,
				5B5B68D02A65E2FB00EA3D9B /* Models */,
				5B920A362A5E17AD00464A8C /* Info.plist */,
				5B5B695D2A785A3A00EA3D9B /* MusicTrail.xcdatamodeld */,
			);
			path = MusicTrail;
			sourceTree = "<group>";
		};
		5B920A3E2A5E17AE00464A8C /* MusicTrailTests */ = {
			isa = PBXGroup;
			children = (
				5B920A3F2A5E17AE00464A8C /* MusicTrailTests.swift */,
			);
			path = MusicTrailTests;
			sourceTree = "<group>";
		};
		5B920A482A5E17AE00464A8C /* MusicTrailUITests */ = {
			isa = PBXGroup;
			children = (
				5B920A492A5E17AE00464A8C /* MusicTrailUITests.swift */,
				5B920A4B2A5E17AE00464A8C /* MusicTrailUITestsLaunchTests.swift */,
			);
			path = MusicTrailUITests;
			sourceTree = "<group>";
		};
		5BEED3EC2AB902B30099E533 /* Screens */ = {
			isa = PBXGroup;
			children = (
				5B5B68E72A69AE1900EA3D9B /* IntroAuthVC.swift */,
				5B5B68DA2A673A8800EA3D9B /* NewMusicVC.swift */,
				5BE3E2BF2AAFA44A00C825AB /* AddNewArtistVC.swift */,
				5B5B68E52A687DF300EA3D9B /* LibraryArtistsVC.swift */,
				5B5B68DC2A673AA500EA3D9B /* SavedArtistsVC.swift */,
			);
			path = Screens;
			sourceTree = "<group>";
		};
		5BEED3ED2AB902DF0099E533 /* TabBars */ = {
			isa = PBXGroup;
			children = (
				5B5B68DE2A673B3000EA3D9B /* MTTabBarController.swift */,
			);
			path = TabBars;
			sourceTree = "<group>";
		};
		5BEED3F02AB903460099E533 /* Labels */ = {
			isa = PBXGroup;
			children = (
				5B5B68E92A69AEC400EA3D9B /* MTTitleLabel.swift */,
				5B5B68EB2A69AF8200EA3D9B /* MTBodyLabel.swift */,
			);
			path = Labels;
			sourceTree = "<group>";
		};
		5BEED3F12AB903500099E533 /* Cells */ = {
			isa = PBXGroup;
			children = (
				5BE3E2B92AA7DF1000C825AB /* ArtistCVCell.swift */,
				5B5B68D82A65ECBC00EA3D9B /* ArtistTVCell.swift */,
				5B5B68D62A65E6A000EA3D9B /* RecordCVCell.swift */,
			);
			path = Cells;
			sourceTree = "<group>";
		};
		5BEED3F22AB9036A0099E533 /* Buttons */ = {
			isa = PBXGroup;
			children = (
				5B5B68ED2A69B09700EA3D9B /* MTButton.swift */,
			);
			path = Buttons;
			sourceTree = "<group>";
		};
		5BEED3F32AB903820099E533 /* ImageViews */ = {
			isa = PBXGroup;
			children = (
				5B5B68E12A686C5F00EA3D9B /* ArtworkImageView.swift */,
			);
			path = ImageViews;
			sourceTree = "<group>";
		};
		5BEED3F42AB903930099E533 /* CustomViews */ = {
			isa = PBXGroup;
			children = (
				5BEED3F52AB903DF0099E533 /* MTAlertContainerView.swift */,
				5BEED3FC2ABB70B40099E533 /* MonthSectionHeaderView.swift */,
				5BEED40A2ABCD3B50099E533 /* MTEmptyStateView.swift */,
			);
			path = CustomViews;
			sourceTree = "<group>";
		};
		5BEED3F72ABA497E0099E533 /* States */ = {
			isa = PBXGroup;
			children = (
				5BEED3EE2AB9031B0099E533 /* MTAlertVC.swift */,
				5BE3E2BD2AAA6FAE00C825AB /* MTDataLoadingVC.swift */,
			);
			path = States;
			sourceTree = "<group>";
		};
/* End PBXGroup section */

/* Begin PBXNativeTarget section */
		5B920A242A5E17AC00464A8C /* MusicTrail */ = {
			isa = PBXNativeTarget;
			buildConfigurationList = 5B920A4F2A5E17AE00464A8C /* Build configuration list for PBXNativeTarget "MusicTrail" */;
			buildPhases = (
				5B920A212A5E17AC00464A8C /* Sources */,
				5B920A222A5E17AC00464A8C /* Frameworks */,
				5B920A232A5E17AC00464A8C /* Resources */,
			);
			buildRules = (
			);
			dependencies = (
			);
			name = MusicTrail;
			productName = MusicTrail;
			productReference = 5B920A252A5E17AC00464A8C /* MusicTrail.app */;
			productType = "com.apple.product-type.application";
		};
		5B920A3A2A5E17AE00464A8C /* MusicTrailTests */ = {
			isa = PBXNativeTarget;
			buildConfigurationList = 5B920A522A5E17AE00464A8C /* Build configuration list for PBXNativeTarget "MusicTrailTests" */;
			buildPhases = (
				5B920A372A5E17AE00464A8C /* Sources */,
				5B920A382A5E17AE00464A8C /* Frameworks */,
				5B920A392A5E17AE00464A8C /* Resources */,
			);
			buildRules = (
			);
			dependencies = (
				5B920A3D2A5E17AE00464A8C /* PBXTargetDependency */,
			);
			name = MusicTrailTests;
			productName = MusicTrailTests;
			productReference = 5B920A3B2A5E17AE00464A8C /* MusicTrailTests.xctest */;
			productType = "com.apple.product-type.bundle.unit-test";
		};
		5B920A442A5E17AE00464A8C /* MusicTrailUITests */ = {
			isa = PBXNativeTarget;
			buildConfigurationList = 5B920A552A5E17AE00464A8C /* Build configuration list for PBXNativeTarget "MusicTrailUITests" */;
			buildPhases = (
				5B920A412A5E17AE00464A8C /* Sources */,
				5B920A422A5E17AE00464A8C /* Frameworks */,
				5B920A432A5E17AE00464A8C /* Resources */,
			);
			buildRules = (
			);
			dependencies = (
				5B920A472A5E17AE00464A8C /* PBXTargetDependency */,
			);
			name = MusicTrailUITests;
			productName = MusicTrailUITests;
			productReference = 5B920A452A5E17AE00464A8C /* MusicTrailUITests.xctest */;
			productType = "com.apple.product-type.bundle.ui-testing";
		};
/* End PBXNativeTarget section */

/* Begin PBXProject section */
		5B920A1D2A5E17AC00464A8C /* Project object */ = {
			isa = PBXProject;
			attributes = {
				BuildIndependentTargetsInParallel = 1;
				LastSwiftUpdateCheck = 1420;
				LastUpgradeCheck = 1420;
				TargetAttributes = {
					5B920A242A5E17AC00464A8C = {
						CreatedOnToolsVersion = 14.2;
					};
					5B920A3A2A5E17AE00464A8C = {
						CreatedOnToolsVersion = 14.2;
						TestTargetID = 5B920A242A5E17AC00464A8C;
					};
					5B920A442A5E17AE00464A8C = {
						CreatedOnToolsVersion = 14.2;
						TestTargetID = 5B920A242A5E17AC00464A8C;
					};
				};
			};
			buildConfigurationList = 5B920A202A5E17AC00464A8C /* Build configuration list for PBXProject "MusicTrail" */;
			compatibilityVersion = "Xcode 14.0";
			developmentRegion = en;
			hasScannedForEncodings = 0;
			knownRegions = (
				en,
				Base,
			);
			mainGroup = 5B920A1C2A5E17AC00464A8C;
			productRefGroup = 5B920A262A5E17AC00464A8C /* Products */;
			projectDirPath = "";
			projectRoot = "";
			targets = (
				5B920A242A5E17AC00464A8C /* MusicTrail */,
				5B920A3A2A5E17AE00464A8C /* MusicTrailTests */,
				5B920A442A5E17AE00464A8C /* MusicTrailUITests */,
			);
		};
/* End PBXProject section */

/* Begin PBXResourcesBuildPhase section */
		5B920A232A5E17AC00464A8C /* Resources */ = {
			isa = PBXResourcesBuildPhase;
			buildActionMask = 2147483647;
			files = (
				5B920A352A5E17AD00464A8C /* LaunchScreen.storyboard in Resources */,
				5B920A322A5E17AD00464A8C /* Assets.xcassets in Resources */,
			);
			runOnlyForDeploymentPostprocessing = 0;
		};
		5B920A392A5E17AE00464A8C /* Resources */ = {
			isa = PBXResourcesBuildPhase;
			buildActionMask = 2147483647;
			files = (
			);
			runOnlyForDeploymentPostprocessing = 0;
		};
		5B920A432A5E17AE00464A8C /* Resources */ = {
			isa = PBXResourcesBuildPhase;
			buildActionMask = 2147483647;
			files = (
			);
			runOnlyForDeploymentPostprocessing = 0;
		};
/* End PBXResourcesBuildPhase section */

/* Begin PBXSourcesBuildPhase section */
		5B920A212A5E17AC00464A8C /* Sources */ = {
			isa = PBXSourcesBuildPhase;
			buildActionMask = 2147483647;
			files = (
				5B28BBB22A93F74900300C8A /* Constants.swift in Sources */,
				5B5B695C2A78449700EA3D9B /* String+Ext.swift in Sources */,
				5B5B69622A785ABA00EA3D9B /* PersistanceContainer.swift in Sources */,
				5BEED3EB2AB902750099E533 /* UIViewController+Ext.swift in Sources */,
				5BEED3E92AB8DC250099E533 /* MTError.swift in Sources */,
				5B5B68E42A686C9B00EA3D9B /* NetworkManager.swift in Sources */,
				5B5B68E62A687DF300EA3D9B /* LibraryArtistsVC.swift in Sources */,
				5BE3E2BC2AA9017800C825AB /* UIHelper.swift in Sources */,
				5B5B68DD2A673AA500EA3D9B /* SavedArtistsVC.swift in Sources */,
				5BEED3FB2ABA4D580099E533 /* MTRecord.swift in Sources */,
				5B021C2B2ABD0E8400928251 /* MusicArtist+CoreDataProperties.swift in Sources */,
				5B5B68CF2A6231AE00EA3D9B /* MusicKitManager.swift in Sources */,
				5B28BBAB2A90002700300C8A /* MusicArtistRepo.swift in Sources */,
				5B5B68F02A69D3EE00EA3D9B /* AuthManager.swift in Sources */,
				5B5B68EA2A69AEC400EA3D9B /* MTTitleLabel.swift in Sources */,
				5B021C2F2ABE478B00928251 /* Logger.swift in Sources */,
				5B5B68E82A69AE1900EA3D9B /* IntroAuthVC.swift in Sources */,
				5BE3E2BA2AA7DF1000C825AB /* ArtistCVCell.swift in Sources */,
				5B5B68D92A65ECBC00EA3D9B /* ArtistTVCell.swift in Sources */,
				5B5B695F2A785A3A00EA3D9B /* MusicTrail.xcdatamodeld in Sources */,
				5BEED40B2ABCD3B50099E533 /* MTEmptyStateView.swift in Sources */,
				5B5B68DF2A673B3000EA3D9B /* MTTabBarController.swift in Sources */,
				5BEED4032ABBABED0099E533 /* MusicDataManager.swift in Sources */,
				5B920A292A5E17AC00464A8C /* AppDelegate.swift in Sources */,
				5B021C2A2ABD0E8400928251 /* MusicArtist+CoreDataClass.swift in Sources */,
				5B5B69642A785CB400EA3D9B /* CoreDataRepo.swift in Sources */,
				5BEED4012ABB8C630099E533 /* DateUtil.swift in Sources */,
				5BEED4092ABBE29D0099E533 /* MusicRecordRepo.swift in Sources */,
				5B5B68EC2A69AF8200EA3D9B /* MTBodyLabel.swift in Sources */,
				5B021C312AC246FD00928251 /* MTArtistImportTableView.swift in Sources */,
				5B5B68D72A65E6A000EA3D9B /* RecordCVCell.swift in Sources */,
				5B5B68EE2A69B09700EA3D9B /* MTButton.swift in Sources */,
				5B021C2C2ABD0E8400928251 /* MusicRecord+CoreDataClass.swift in Sources */,
				5B920A2B2A5E17AC00464A8C /* SceneDelegate.swift in Sources */,
				5BEED3FF2ABB8B670099E533 /* Date+Ext.swift in Sources */,
				5BEED3F62AB903DF0099E533 /* MTAlertContainerView.swift in Sources */,
				5B021C2D2ABD0E8400928251 /* MusicRecord+CoreDataProperties.swift in Sources */,
				5B5B68DB2A673A8800EA3D9B /* NewMusicVC.swift in Sources */,
				5BEED3EF2AB9031B0099E533 /* MTAlertVC.swift in Sources */,
				5BE3E2C02AAFA44A00C825AB /* AddNewArtistVC.swift in Sources */,
				5BE3E2BE2AAA6FAE00C825AB /* MTDataLoadingVC.swift in Sources */,
				5B5B68E22A686C5F00EA3D9B /* ArtworkImageView.swift in Sources */,
				5BEED3FD2ABB70B40099E533 /* MonthSectionHeaderView.swift in Sources */,
				5BEED3F92ABA4D190099E533 /* MTArtist.swift in Sources */,
			);
			runOnlyForDeploymentPostprocessing = 0;
		};
		5B920A372A5E17AE00464A8C /* Sources */ = {
			isa = PBXSourcesBuildPhase;
			buildActionMask = 2147483647;
			files = (
				5B920A402A5E17AE00464A8C /* MusicTrailTests.swift in Sources */,
			);
			runOnlyForDeploymentPostprocessing = 0;
		};
		5B920A412A5E17AE00464A8C /* Sources */ = {
			isa = PBXSourcesBuildPhase;
			buildActionMask = 2147483647;
			files = (
				5B920A4A2A5E17AE00464A8C /* MusicTrailUITests.swift in Sources */,
				5B920A4C2A5E17AE00464A8C /* MusicTrailUITestsLaunchTests.swift in Sources */,
			);
			runOnlyForDeploymentPostprocessing = 0;
		};
/* End PBXSourcesBuildPhase section */

/* Begin PBXTargetDependency section */
		5B920A3D2A5E17AE00464A8C /* PBXTargetDependency */ = {
			isa = PBXTargetDependency;
			target = 5B920A242A5E17AC00464A8C /* MusicTrail */;
			targetProxy = 5B920A3C2A5E17AE00464A8C /* PBXContainerItemProxy */;
		};
		5B920A472A5E17AE00464A8C /* PBXTargetDependency */ = {
			isa = PBXTargetDependency;
			target = 5B920A242A5E17AC00464A8C /* MusicTrail */;
			targetProxy = 5B920A462A5E17AE00464A8C /* PBXContainerItemProxy */;
		};
/* End PBXTargetDependency section */

/* Begin PBXVariantGroup section */
		5B920A332A5E17AD00464A8C /* LaunchScreen.storyboard */ = {
			isa = PBXVariantGroup;
			children = (
				5B920A342A5E17AD00464A8C /* Base */,
			);
			name = LaunchScreen.storyboard;
			sourceTree = "<group>";
		};
/* End PBXVariantGroup section */

/* Begin XCBuildConfiguration section */
		5B920A4D2A5E17AE00464A8C /* Debug */ = {
			isa = XCBuildConfiguration;
			buildSettings = {
				ALWAYS_SEARCH_USER_PATHS = NO;
				CLANG_ANALYZER_NONNULL = YES;
				CLANG_ANALYZER_NUMBER_OBJECT_CONVERSION = YES_AGGRESSIVE;
				CLANG_CXX_LANGUAGE_STANDARD = "gnu++20";
				CLANG_ENABLE_MODULES = YES;
				CLANG_ENABLE_OBJC_ARC = YES;
				CLANG_ENABLE_OBJC_WEAK = YES;
				CLANG_WARN_BLOCK_CAPTURE_AUTORELEASING = YES;
				CLANG_WARN_BOOL_CONVERSION = YES;
				CLANG_WARN_COMMA = YES;
				CLANG_WARN_CONSTANT_CONVERSION = YES;
				CLANG_WARN_DEPRECATED_OBJC_IMPLEMENTATIONS = YES;
				CLANG_WARN_DIRECT_OBJC_ISA_USAGE = YES_ERROR;
				CLANG_WARN_DOCUMENTATION_COMMENTS = YES;
				CLANG_WARN_EMPTY_BODY = YES;
				CLANG_WARN_ENUM_CONVERSION = YES;
				CLANG_WARN_INFINITE_RECURSION = YES;
				CLANG_WARN_INT_CONVERSION = YES;
				CLANG_WARN_NON_LITERAL_NULL_CONVERSION = YES;
				CLANG_WARN_OBJC_IMPLICIT_RETAIN_SELF = YES;
				CLANG_WARN_OBJC_LITERAL_CONVERSION = YES;
				CLANG_WARN_OBJC_ROOT_CLASS = YES_ERROR;
				CLANG_WARN_QUOTED_INCLUDE_IN_FRAMEWORK_HEADER = YES;
				CLANG_WARN_RANGE_LOOP_ANALYSIS = YES;
				CLANG_WARN_STRICT_PROTOTYPES = YES;
				CLANG_WARN_SUSPICIOUS_MOVE = YES;
				CLANG_WARN_UNGUARDED_AVAILABILITY = YES_AGGRESSIVE;
				CLANG_WARN_UNREACHABLE_CODE = YES;
				CLANG_WARN__DUPLICATE_METHOD_MATCH = YES;
				COPY_PHASE_STRIP = NO;
				DEBUG_INFORMATION_FORMAT = dwarf;
				ENABLE_STRICT_OBJC_MSGSEND = YES;
				ENABLE_TESTABILITY = YES;
				GCC_C_LANGUAGE_STANDARD = gnu11;
				GCC_DYNAMIC_NO_PIC = NO;
				GCC_NO_COMMON_BLOCKS = YES;
				GCC_OPTIMIZATION_LEVEL = 0;
				GCC_PREPROCESSOR_DEFINITIONS = (
					"DEBUG=1",
					"$(inherited)",
				);
				GCC_WARN_64_TO_32_BIT_CONVERSION = YES;
				GCC_WARN_ABOUT_RETURN_TYPE = YES_ERROR;
				GCC_WARN_UNDECLARED_SELECTOR = YES;
				GCC_WARN_UNINITIALIZED_AUTOS = YES_AGGRESSIVE;
				GCC_WARN_UNUSED_FUNCTION = YES;
				GCC_WARN_UNUSED_VARIABLE = YES;
				IPHONEOS_DEPLOYMENT_TARGET = 16.2;
				MTL_ENABLE_DEBUG_INFO = INCLUDE_SOURCE;
				MTL_FAST_MATH = YES;
				ONLY_ACTIVE_ARCH = YES;
				SDKROOT = iphoneos;
				SWIFT_ACTIVE_COMPILATION_CONDITIONS = DEBUG;
				SWIFT_OPTIMIZATION_LEVEL = "-Onone";
			};
			name = Debug;
		};
		5B920A4E2A5E17AE00464A8C /* Release */ = {
			isa = XCBuildConfiguration;
			buildSettings = {
				ALWAYS_SEARCH_USER_PATHS = NO;
				CLANG_ANALYZER_NONNULL = YES;
				CLANG_ANALYZER_NUMBER_OBJECT_CONVERSION = YES_AGGRESSIVE;
				CLANG_CXX_LANGUAGE_STANDARD = "gnu++20";
				CLANG_ENABLE_MODULES = YES;
				CLANG_ENABLE_OBJC_ARC = YES;
				CLANG_ENABLE_OBJC_WEAK = YES;
				CLANG_WARN_BLOCK_CAPTURE_AUTORELEASING = YES;
				CLANG_WARN_BOOL_CONVERSION = YES;
				CLANG_WARN_COMMA = YES;
				CLANG_WARN_CONSTANT_CONVERSION = YES;
				CLANG_WARN_DEPRECATED_OBJC_IMPLEMENTATIONS = YES;
				CLANG_WARN_DIRECT_OBJC_ISA_USAGE = YES_ERROR;
				CLANG_WARN_DOCUMENTATION_COMMENTS = YES;
				CLANG_WARN_EMPTY_BODY = YES;
				CLANG_WARN_ENUM_CONVERSION = YES;
				CLANG_WARN_INFINITE_RECURSION = YES;
				CLANG_WARN_INT_CONVERSION = YES;
				CLANG_WARN_NON_LITERAL_NULL_CONVERSION = YES;
				CLANG_WARN_OBJC_IMPLICIT_RETAIN_SELF = YES;
				CLANG_WARN_OBJC_LITERAL_CONVERSION = YES;
				CLANG_WARN_OBJC_ROOT_CLASS = YES_ERROR;
				CLANG_WARN_QUOTED_INCLUDE_IN_FRAMEWORK_HEADER = YES;
				CLANG_WARN_RANGE_LOOP_ANALYSIS = YES;
				CLANG_WARN_STRICT_PROTOTYPES = YES;
				CLANG_WARN_SUSPICIOUS_MOVE = YES;
				CLANG_WARN_UNGUARDED_AVAILABILITY = YES_AGGRESSIVE;
				CLANG_WARN_UNREACHABLE_CODE = YES;
				CLANG_WARN__DUPLICATE_METHOD_MATCH = YES;
				COPY_PHASE_STRIP = NO;
				DEBUG_INFORMATION_FORMAT = "dwarf-with-dsym";
				ENABLE_NS_ASSERTIONS = NO;
				ENABLE_STRICT_OBJC_MSGSEND = YES;
				GCC_C_LANGUAGE_STANDARD = gnu11;
				GCC_NO_COMMON_BLOCKS = YES;
				GCC_WARN_64_TO_32_BIT_CONVERSION = YES;
				GCC_WARN_ABOUT_RETURN_TYPE = YES_ERROR;
				GCC_WARN_UNDECLARED_SELECTOR = YES;
				GCC_WARN_UNINITIALIZED_AUTOS = YES_AGGRESSIVE;
				GCC_WARN_UNUSED_FUNCTION = YES;
				GCC_WARN_UNUSED_VARIABLE = YES;
				IPHONEOS_DEPLOYMENT_TARGET = 16.2;
				MTL_ENABLE_DEBUG_INFO = NO;
				MTL_FAST_MATH = YES;
				SDKROOT = iphoneos;
				SWIFT_COMPILATION_MODE = wholemodule;
				SWIFT_OPTIMIZATION_LEVEL = "-O";
				VALIDATE_PRODUCT = YES;
			};
			name = Release;
		};
		5B920A502A5E17AE00464A8C /* Debug */ = {
			isa = XCBuildConfiguration;
			buildSettings = {
				ASSETCATALOG_COMPILER_APPICON_NAME = AppIcon;
				ASSETCATALOG_COMPILER_GLOBAL_ACCENT_COLOR_NAME = AccentColor;
				CODE_SIGN_STYLE = Automatic;
				CURRENT_PROJECT_VERSION = 1;
				DEVELOPMENT_TEAM = 2J43M5H25R;
				GENERATE_INFOPLIST_FILE = YES;
				INFOPLIST_FILE = MusicTrail/Info.plist;
				INFOPLIST_KEY_NSAppleMusicUsageDescription = "Allow MusicTrail to access artists";
				INFOPLIST_KEY_UIApplicationSupportsIndirectInputEvents = YES;
				INFOPLIST_KEY_UILaunchStoryboardName = LaunchScreen;
				INFOPLIST_KEY_UISupportedInterfaceOrientations = "UIInterfaceOrientationLandscapeLeft UIInterfaceOrientationLandscapeRight UIInterfaceOrientationPortrait";
				INFOPLIST_KEY_UISupportedInterfaceOrientations_iPad = "UIInterfaceOrientationLandscapeLeft UIInterfaceOrientationLandscapeRight UIInterfaceOrientationPortrait UIInterfaceOrientationPortraitUpsideDown";
				IPHONEOS_DEPLOYMENT_TARGET = 16.0;
				LD_RUNPATH_SEARCH_PATHS = (
					"$(inherited)",
					"@executable_path/Frameworks",
				);
				MARKETING_VERSION = 1.0;
				PRODUCT_BUNDLE_IDENTIFIER = com.Dchuon.MusicTrail;
				PRODUCT_NAME = "$(TARGET_NAME)";
				SWIFT_EMIT_LOC_STRINGS = YES;
				SWIFT_VERSION = 5.0;
				TARGETED_DEVICE_FAMILY = "1,2";
			};
			name = Debug;
		};
		5B920A512A5E17AE00464A8C /* Release */ = {
			isa = XCBuildConfiguration;
			buildSettings = {
				ASSETCATALOG_COMPILER_APPICON_NAME = AppIcon;
				ASSETCATALOG_COMPILER_GLOBAL_ACCENT_COLOR_NAME = AccentColor;
				CODE_SIGN_STYLE = Automatic;
				CURRENT_PROJECT_VERSION = 1;
				DEVELOPMENT_TEAM = 2J43M5H25R;
				GENERATE_INFOPLIST_FILE = YES;
				INFOPLIST_FILE = MusicTrail/Info.plist;
				INFOPLIST_KEY_NSAppleMusicUsageDescription = "Allow MusicTrail to access artists";
				INFOPLIST_KEY_UIApplicationSupportsIndirectInputEvents = YES;
				INFOPLIST_KEY_UILaunchStoryboardName = LaunchScreen;
				INFOPLIST_KEY_UISupportedInterfaceOrientations = "UIInterfaceOrientationLandscapeLeft UIInterfaceOrientationLandscapeRight UIInterfaceOrientationPortrait";
				INFOPLIST_KEY_UISupportedInterfaceOrientations_iPad = "UIInterfaceOrientationLandscapeLeft UIInterfaceOrientationLandscapeRight UIInterfaceOrientationPortrait UIInterfaceOrientationPortraitUpsideDown";
				IPHONEOS_DEPLOYMENT_TARGET = 16.0;
				LD_RUNPATH_SEARCH_PATHS = (
					"$(inherited)",
					"@executable_path/Frameworks",
				);
				MARKETING_VERSION = 1.0;
				PRODUCT_BUNDLE_IDENTIFIER = com.Dchuon.MusicTrail;
				PRODUCT_NAME = "$(TARGET_NAME)";
				SWIFT_EMIT_LOC_STRINGS = YES;
				SWIFT_VERSION = 5.0;
				TARGETED_DEVICE_FAMILY = "1,2";
			};
			name = Release;
		};
		5B920A532A5E17AE00464A8C /* Debug */ = {
			isa = XCBuildConfiguration;
			buildSettings = {
				ALWAYS_EMBED_SWIFT_STANDARD_LIBRARIES = YES;
				BUNDLE_LOADER = "$(TEST_HOST)";
				CODE_SIGN_STYLE = Automatic;
				CURRENT_PROJECT_VERSION = 1;
				DEVELOPMENT_TEAM = 2J43M5H25R;
				GENERATE_INFOPLIST_FILE = YES;
				IPHONEOS_DEPLOYMENT_TARGET = 16.2;
				MARKETING_VERSION = 1.0;
				PRODUCT_BUNDLE_IDENTIFIER = com.Dchuon.MusicTrailTests;
				PRODUCT_NAME = "$(TARGET_NAME)";
				SWIFT_EMIT_LOC_STRINGS = NO;
				SWIFT_VERSION = 5.0;
				TARGETED_DEVICE_FAMILY = "1,2";
				TEST_HOST = "$(BUILT_PRODUCTS_DIR)/MusicTrail.app/$(BUNDLE_EXECUTABLE_FOLDER_PATH)/MusicTrail";
			};
			name = Debug;
		};
		5B920A542A5E17AE00464A8C /* Release */ = {
			isa = XCBuildConfiguration;
			buildSettings = {
				ALWAYS_EMBED_SWIFT_STANDARD_LIBRARIES = YES;
				BUNDLE_LOADER = "$(TEST_HOST)";
				CODE_SIGN_STYLE = Automatic;
				CURRENT_PROJECT_VERSION = 1;
				DEVELOPMENT_TEAM = 2J43M5H25R;
				GENERATE_INFOPLIST_FILE = YES;
				IPHONEOS_DEPLOYMENT_TARGET = 16.2;
				MARKETING_VERSION = 1.0;
				PRODUCT_BUNDLE_IDENTIFIER = com.Dchuon.MusicTrailTests;
				PRODUCT_NAME = "$(TARGET_NAME)";
				SWIFT_EMIT_LOC_STRINGS = NO;
				SWIFT_VERSION = 5.0;
				TARGETED_DEVICE_FAMILY = "1,2";
				TEST_HOST = "$(BUILT_PRODUCTS_DIR)/MusicTrail.app/$(BUNDLE_EXECUTABLE_FOLDER_PATH)/MusicTrail";
			};
			name = Release;
		};
		5B920A562A5E17AE00464A8C /* Debug */ = {
			isa = XCBuildConfiguration;
			buildSettings = {
				ALWAYS_EMBED_SWIFT_STANDARD_LIBRARIES = YES;
				CODE_SIGN_STYLE = Automatic;
				CURRENT_PROJECT_VERSION = 1;
				DEVELOPMENT_TEAM = 2J43M5H25R;
				GENERATE_INFOPLIST_FILE = YES;
				MARKETING_VERSION = 1.0;
				PRODUCT_BUNDLE_IDENTIFIER = com.Dchuon.MusicTrailUITests;
				PRODUCT_NAME = "$(TARGET_NAME)";
				SWIFT_EMIT_LOC_STRINGS = NO;
				SWIFT_VERSION = 5.0;
				TARGETED_DEVICE_FAMILY = "1,2";
				TEST_TARGET_NAME = MusicTrail;
			};
			name = Debug;
		};
		5B920A572A5E17AE00464A8C /* Release */ = {
			isa = XCBuildConfiguration;
			buildSettings = {
				ALWAYS_EMBED_SWIFT_STANDARD_LIBRARIES = YES;
				CODE_SIGN_STYLE = Automatic;
				CURRENT_PROJECT_VERSION = 1;
				DEVELOPMENT_TEAM = 2J43M5H25R;
				GENERATE_INFOPLIST_FILE = YES;
				MARKETING_VERSION = 1.0;
				PRODUCT_BUNDLE_IDENTIFIER = com.Dchuon.MusicTrailUITests;
				PRODUCT_NAME = "$(TARGET_NAME)";
				SWIFT_EMIT_LOC_STRINGS = NO;
				SWIFT_VERSION = 5.0;
				TARGETED_DEVICE_FAMILY = "1,2";
				TEST_TARGET_NAME = MusicTrail;
			};
			name = Release;
		};
/* End XCBuildConfiguration section */

/* Begin XCConfigurationList section */
		5B920A202A5E17AC00464A8C /* Build configuration list for PBXProject "MusicTrail" */ = {
			isa = XCConfigurationList;
			buildConfigurations = (
				5B920A4D2A5E17AE00464A8C /* Debug */,
				5B920A4E2A5E17AE00464A8C /* Release */,
			);
			defaultConfigurationIsVisible = 0;
			defaultConfigurationName = Release;
		};
		5B920A4F2A5E17AE00464A8C /* Build configuration list for PBXNativeTarget "MusicTrail" */ = {
			isa = XCConfigurationList;
			buildConfigurations = (
				5B920A502A5E17AE00464A8C /* Debug */,
				5B920A512A5E17AE00464A8C /* Release */,
			);
			defaultConfigurationIsVisible = 0;
			defaultConfigurationName = Release;
		};
		5B920A522A5E17AE00464A8C /* Build configuration list for PBXNativeTarget "MusicTrailTests" */ = {
			isa = XCConfigurationList;
			buildConfigurations = (
				5B920A532A5E17AE00464A8C /* Debug */,
				5B920A542A5E17AE00464A8C /* Release */,
			);
			defaultConfigurationIsVisible = 0;
			defaultConfigurationName = Release;
		};
		5B920A552A5E17AE00464A8C /* Build configuration list for PBXNativeTarget "MusicTrailUITests" */ = {
			isa = XCConfigurationList;
			buildConfigurations = (
				5B920A562A5E17AE00464A8C /* Debug */,
				5B920A572A5E17AE00464A8C /* Release */,
			);
			defaultConfigurationIsVisible = 0;
			defaultConfigurationName = Release;
		};
/* End XCConfigurationList section */

/* Begin XCVersionGroup section */
		5B5B695D2A785A3A00EA3D9B /* MusicTrail.xcdatamodeld */ = {
			isa = XCVersionGroup;
			children = (
				5B5B695E2A785A3A00EA3D9B /* MusicTrail.xcdatamodel */,
			);
			currentVersion = 5B5B695E2A785A3A00EA3D9B /* MusicTrail.xcdatamodel */;
			path = MusicTrail.xcdatamodeld;
			sourceTree = "<group>";
			versionGroupType = wrapper.xcdatamodel;
		};
/* End XCVersionGroup section */
	};
	rootObject = 5B920A1D2A5E17AC00464A8C /* Project object */;
}
